
Microsoft Visual Studio Solution File, Format Version 12.00
# Visual Studio 15
VisualStudioVersion = 15.0.26730.3
MinimumVisualStudioVersion = 10.0.40219.1
Project("{9A19103F-16F7-4668-BE54-9A1E7A4F7556}") = "CustomSearch.Web", "CustomSearch.Web\CustomSearch.Web.csproj", "{1F0729A7-5369-457E-B554-4421D980BFA2}"
EndProject
Project("{9A19103F-16F7-4668-BE54-9A1E7A4F7556}") = "CustomSearch.AzureSearchAPI", "CustomSearch.AzureSearchAPI\CustomSearch.AzureSearchAPI.csproj", "{6E1B8915-ADD4-410E-9B5F-574BF93FCB75}"
EndProject
Project("{9A19103F-16F7-4668-BE54-9A1E7A4F7556}") = "CustomSearch.Tests", "CustomSearch.Tests\CustomSearch.Tests.csproj", "{D0463233-808C-4D4D-B12E-1FA0654FA226}"
EndProject
Project("{FAE04EC0-301F-11D3-BF4B-00C04F79EFBC}") = "CustomSearch.Crawler", "CustomSearch.Crawler\CustomSearch.Crawler.csproj", "{3573736E-F243-41D2-848B-0CEDCD8BB65A}"
EndProject
Global
	GlobalSection(SolutionConfigurationPlatforms) = preSolution
		Debug|Any CPU = Debug|Any CPU
		Release|Any CPU = Release|Any CPU
	EndGlobalSection
	GlobalSection(ProjectConfigurationPlatforms) = postSolution
		{1F0729A7-5369-457E-B554-4421D980BFA2}.Debug|Any CPU.ActiveCfg = Debug|Any CPU
		{1F0729A7-5369-457E-B554-4421D980BFA2}.Debug|Any CPU.Build.0 = Debug|Any CPU
		{1F0729A7-5369-457E-B554-4421D980BFA2}.Release|Any CPU.ActiveCfg = Release|Any CPU
		{1F0729A7-5369-457E-B554-4421D980BFA2}.Release|Any CPU.Build.0 = Release|Any CPU
		{6E1B8915-ADD4-410E-9B5F-574BF93FCB75}.Debug|Any CPU.ActiveCfg = Debug|Any CPU
		{6E1B8915-ADD4-410E-9B5F-574BF93FCB75}.Debug|Any CPU.Build.0 = Debug|Any CPU
		{6E1B8915-ADD4-410E-9B5F-574BF93FCB75}.Release|Any CPU.ActiveCfg = Release|Any CPU
		{6E1B8915-ADD4-410E-9B5F-574BF93FCB75}.Release|Any CPU.Build.0 = Release|Any CPU
		{D0463233-808C-4D4D-B12E-1FA0654FA226}.Debug|Any CPU.ActiveCfg = Debug|Any CPU
		{D0463233-808C-4D4D-B12E-1FA0654FA226}.Debug|Any CPU.Build.0 = Debug|Any CPU
		{D0463233-808C-4D4D-B12E-1FA0654FA226}.Release|Any CPU.ActiveCfg = Release|Any CPU
		{D0463233-808C-4D4D-B12E-1FA0654FA226}.Release|Any CPU.Build.0 = Release|Any CPU
		{3573736E-F243-41D2-848B-0CEDCD8BB65A}.Debug|Any CPU.ActiveCfg = Debug|Any CPU
		{3573736E-F243-41D2-848B-0CEDCD8BB65A}.Debug|Any CPU.Build.0 = Debug|Any CPU
		{3573736E-F243-41D2-848B-0CEDCD8BB65A}.Release|Any CPU.ActiveCfg = Release|Any CPU
		{3573736E-F243-41D2-848B-0CEDCD8BB65A}.Release|Any CPU.Build.0 = Release|Any CPU
	EndGlobalSection
	GlobalSection(SolutionProperties) = preSolution
		HideSolutionNode = FALSE
	EndGlobalSection
	GlobalSection(ExtensibilityGlobals) = postSolution
		SolutionGuid = {4E4DE5B5-49FF-4D5F-AEE0-376BA5ECC49A}
	EndGlobalSection
EndGlobal
