
Microsoft Visual Studio Solution File, Format Version 12.00
# Visual Studio 15
VisualStudioVersion = 15.0.27004.2002
MinimumVisualStudioVersion = 10.0.40219.1
Project("{FAE04EC0-301F-11D3-BF4B-00C04F79EFBC}") = "CustomSearch.Web", "CustomSearch.Web\CustomSearch.Web.csproj", "{1F0729A7-5369-457E-B554-4421D980BFA2}"
EndProject
Project("{9A19103F-16F7-4668-BE54-9A1E7A4F7556}") = "CustomSearch.AzureSearchAPI", "Search.API\CustomSearch.AzureSearchAPI.csproj", "{B45D6296-CCAD-4225-83B6-31C16B43C3CD}"
EndProject
Global
	GlobalSection(SolutionConfigurationPlatforms) = preSolution
		Debug|Any CPU = Debug|Any CPU
		Release|Any CPU = Release|Any CPU
	EndGlobalSection
	GlobalSection(ProjectConfigurationPlatforms) = postSolution
		{1F0729A7-5369-457E-B554-4421D980BFA2}.Debug|Any CPU.ActiveCfg = Debug|Any CPU
		{1F0729A7-5369-457E-B554-4421D980BFA2}.Debug|Any CPU.Build.0 = Debug|Any CPU
		{1F0729A7-5369-457E-B554-4421D980BFA2}.Release|Any CPU.ActiveCfg = Release|Any CPU
		{1F0729A7-5369-457E-B554-4421D980BFA2}.Release|Any CPU.Build.0 = Release|Any CPU
		{B45D6296-CCAD-4225-83B6-31C16B43C3CD}.Debug|Any CPU.ActiveCfg = Debug|Any CPU
		{B45D6296-CCAD-4225-83B6-31C16B43C3CD}.Debug|Any CPU.Build.0 = Debug|Any CPU
		{B45D6296-CCAD-4225-83B6-31C16B43C3CD}.Release|Any CPU.ActiveCfg = Release|Any CPU
		{B45D6296-CCAD-4225-83B6-31C16B43C3CD}.Release|Any CPU.Build.0 = Release|Any CPU
	EndGlobalSection
	GlobalSection(SolutionProperties) = preSolution
		HideSolutionNode = FALSE
	EndGlobalSection
	GlobalSection(ExtensibilityGlobals) = postSolution
		SolutionGuid = {4E4DE5B5-49FF-4D5F-AEE0-376BA5ECC49A}
	EndGlobalSection
EndGlobal
